// !$*UTF8*$!
{
	archiveVersion = 1;
	classes = {
	};
	objectVersion = 48;
	objects = {

/* Begin PBXBuildFile section */
		4984A0552068255300004BFA /* LeagueVC.swift in Sources */ = {isa = PBXBuildFile; fileRef = 4984A0542068255300004BFA /* LeagueVC.swift */; };
		4984A0582068645A00004BFA /* Player.swift in Sources */ = {isa = PBXBuildFile; fileRef = 4984A0572068645A00004BFA /* Player.swift */; };
		4984A05A2068737300004BFA /* SkillVC.swift in Sources */ = {isa = PBXBuildFile; fileRef = 4984A0592068737300004BFA /* SkillVC.swift */; };
		49C3375D205B621500C0A754 /* AppDelegate.swift in Sources */ = {isa = PBXBuildFile; fileRef = 49C3375C205B621500C0A754 /* AppDelegate.swift */; };
		49C3375F205B621500C0A754 /* WelcomeCV.swift in Sources */ = {isa = PBXBuildFile; fileRef = 49C3375E205B621500C0A754 /* WelcomeCV.swift */; };
		49C33762205B621500C0A754 /* Main.storyboard in Resources */ = {isa = PBXBuildFile; fileRef = 49C33760205B621500C0A754 /* Main.storyboard */; };
		49C33764205B621500C0A754 /* Assets.xcassets in Resources */ = {isa = PBXBuildFile; fileRef = 49C33763205B621500C0A754 /* Assets.xcassets */; };
		49C33767205B621500C0A754 /* LaunchScreen.storyboard in Resources */ = {isa = PBXBuildFile; fileRef = 49C33765205B621500C0A754 /* LaunchScreen.storyboard */; };
		49C3378D205B6C9F00C0A754 /* BorderButton.swift in Sources */ = {isa = PBXBuildFile; fileRef = 49C3378C205B6C9F00C0A754 /* BorderButton.swift */; };
/* End PBXBuildFile section */

/* Begin PBXFileReference section */
		4984A0542068255300004BFA /* LeagueVC.swift */ = {isa = PBXFileReference; lastKnownFileType = sourcecode.swift; path = LeagueVC.swift; sourceTree = "<group>"; };
		4984A0572068645A00004BFA /* Player.swift */ = {isa = PBXFileReference; lastKnownFileType = sourcecode.swift; path = Player.swift; sourceTree = "<group>"; };
		4984A0592068737300004BFA /* SkillVC.swift */ = {isa = PBXFileReference; lastKnownFileType = sourcecode.swift; path = SkillVC.swift; sourceTree = "<group>"; };
		49C33759205B621500C0A754 /* app-swoosh.app */ = {isa = PBXFileReference; explicitFileType = wrapper.application; includeInIndex = 0; path = "app-swoosh.app"; sourceTree = BUILT_PRODUCTS_DIR; };
		49C3375C205B621500C0A754 /* AppDelegate.swift */ = {isa = PBXFileReference; lastKnownFileType = sourcecode.swift; path = AppDelegate.swift; sourceTree = "<group>"; };
		49C3375E205B621500C0A754 /* WelcomeCV.swift */ = {isa = PBXFileReference; lastKnownFileType = sourcecode.swift; path = WelcomeCV.swift; sourceTree = "<group>"; };
		49C33761205B621500C0A754 /* Base */ = {isa = PBXFileReference; lastKnownFileType = file.storyboard; name = Base; path = Base.lproj/Main.storyboard; sourceTree = "<group>"; };
		49C33763205B621500C0A754 /* Assets.xcassets */ = {isa = PBXFileReference; lastKnownFileType = folder.assetcatalog; path = Assets.xcassets; sourceTree = "<group>"; };
		49C33766205B621500C0A754 /* Base */ = {isa = PBXFileReference; lastKnownFileType = file.storyboard; name = Base; path = Base.lproj/LaunchScreen.storyboard; sourceTree = "<group>"; };
		49C33768205B621500C0A754 /* Info.plist */ = {isa = PBXFileReference; lastKnownFileType = text.plist.xml; path = Info.plist; sourceTree = "<group>"; };
		49C3378C205B6C9F00C0A754 /* BorderButton.swift */ = {isa = PBXFileReference; lastKnownFileType = sourcecode.swift; path = BorderButton.swift; sourceTree = "<group>"; };
/* End PBXFileReference section */

/* Begin PBXFrameworksBuildPhase section */
		49C33756205B621500C0A754 /* Frameworks */ = {
			isa = PBXFrameworksBuildPhase;
			buildActionMask = 2147483647;
			files = (
			);
			runOnlyForDeploymentPostprocessing = 0;
		};
/* End PBXFrameworksBuildPhase section */

/* Begin PBXGroup section */
		4926353E2067C722009475F9 /* Controllers */ = {
			isa = PBXGroup;
			children = (
				49C3375E205B621500C0A754 /* WelcomeCV.swift */,
				4984A0542068255300004BFA /* LeagueVC.swift */,
				4984A0592068737300004BFA /* SkillVC.swift */,
			);
			path = Controllers;
			sourceTree = "<group>";
		};
		4984A0562068643F00004BFA /* Model */ = {
			isa = PBXGroup;
			children = (
				4984A0572068645A00004BFA /* Player.swift */,
			);
			path = Model;
			sourceTree = "<group>";
		};
		49C33750205B621500C0A754 = {
			isa = PBXGroup;
			children = (
				49C3375B205B621500C0A754 /* app-swoosh */,
				49C3375A205B621500C0A754 /* Products */,
			);
			sourceTree = "<group>";
		};
		49C3375A205B621500C0A754 /* Products */ = {
			isa = PBXGroup;
			children = (
				49C33759205B621500C0A754 /* app-swoosh.app */,
			);
			name = Products;
			sourceTree = "<group>";
		};
		49C3375B205B621500C0A754 /* app-swoosh */ = {
			isa = PBXGroup;
			children = (
				4984A0562068643F00004BFA /* Model */,
				4926353E2067C722009475F9 /* Controllers */,
				49C3375C205B621500C0A754 /* AppDelegate.swift */,
				49C3378F205B6ED500C0A754 /* Views */,
				49C33760205B621500C0A754 /* Main.storyboard */,
				49C33763205B621500C0A754 /* Assets.xcassets */,
				49C33765205B621500C0A754 /* LaunchScreen.storyboard */,
				49C33768205B621500C0A754 /* Info.plist */,
			);
			path = "app-swoosh";
			sourceTree = "<group>";
		};
		49C3378F205B6ED500C0A754 /* Views */ = {
			isa = PBXGroup;
			children = (
				49C3378C205B6C9F00C0A754 /* BorderButton.swift */,
			);
			path = Views;
			sourceTree = "<group>";
		};
/* End PBXGroup section */

/* Begin PBXNativeTarget section */
		49C33758205B621500C0A754 /* app-swoosh */ = {
			isa = PBXNativeTarget;
			buildConfigurationList = 49C3376B205B621500C0A754 /* Build configuration list for PBXNativeTarget "app-swoosh" */;
			buildPhases = (
				49C33755205B621500C0A754 /* Sources */,
				49C33756205B621500C0A754 /* Frameworks */,
				49C33757205B621500C0A754 /* Resources */,
			);
			buildRules = (
			);
			dependencies = (
			);
			name = "app-swoosh";
			productName = "app-swoosh";
			productReference = 49C33759205B621500C0A754 /* app-swoosh.app */;
			productType = "com.apple.product-type.application";
		};
/* End PBXNativeTarget section */

/* Begin PBXProject section */
		49C33751205B621500C0A754 /* Project object */ = {
			isa = PBXProject;
			attributes = {
				LastSwiftUpdateCheck = 0920;
				LastUpgradeCheck = 0920;
				ORGANIZATIONNAME = "Fabio Lindemberg";
				TargetAttributes = {
					49C33758205B621500C0A754 = {
						CreatedOnToolsVersion = 9.2;
						ProvisioningStyle = Automatic;
					};
				};
			};
			buildConfigurationList = 49C33754205B621500C0A754 /* Build configuration list for PBXProject "app-swoosh" */;
			compatibilityVersion = "Xcode 8.0";
			developmentRegion = en;
			hasScannedForEncodings = 0;
			knownRegions = (
				en,
				Base,
			);
			mainGroup = 49C33750205B621500C0A754;
			productRefGroup = 49C3375A205B621500C0A754 /* Products */;
			projectDirPath = "";
			projectRoot = "";
			targets = (
				49C33758205B621500C0A754 /* app-swoosh */,
			);
		};
/* End PBXProject section */

/* Begin PBXResourcesBuildPhase section */
		49C33757205B621500C0A754 /* Resources */ = {
			isa = PBXResourcesBuildPhase;
			buildActionMask = 2147483647;
			files = (
				49C33767205B621500C0A754 /* LaunchScreen.storyboard in Resources */,
				49C33764205B621500C0A754 /* Assets.xcassets in Resources */,
				49C33762205B621500C0A754 /* Main.storyboard in Resources */,
			);
			runOnlyForDeploymentPostprocessing = 0;
		};
/* End PBXResourcesBuildPhase section */

/* Begin PBXSourcesBuildPhase section */
		49C33755205B621500C0A754 /* Sources */ = {
			isa = PBXSourcesBuildPhase;
			buildActionMask = 2147483647;
			files = (
				49C3375F205B621500C0A754 /* WelcomeCV.swift in Sources */,
				49C3375D205B621500C0A754 /* AppDelegate.swift in Sources */,
				4984A0552068255300004BFA /* LeagueVC.swift in Sources */,
				4984A0582068645A00004BFA /* Player.swift in Sources */,
				4984A05A2068737300004BFA /* SkillVC.swift in Sources */,
				49C3378D205B6C9F00C0A754 /* BorderButton.swift in Sources */,
			);
			runOnlyForDeploymentPostprocessing = 0;
		};
/* End PBXSourcesBuildPhase section */

/* Begin PBXVariantGroup section */
		49C33760205B621500C0A754 /* Main.storyboard */ = {
			isa = PBXVariantGroup;
			children = (
				49C33761205B621500C0A754 /* Base */,
			);
			name = Main.storyboard;
			sourceTree = "<group>";
		};
		49C33765205B621500C0A754 /* LaunchScreen.storyboard */ = {
			isa = PBXVariantGroup;
			children = (
				49C33766205B621500C0A754 /* Base */,
			);
			name = LaunchScreen.storyboard;
			sourceTree = "<group>";
		};
/* End PBXVariantGroup section */

/* Begin XCBuildConfiguration section */
		49C33769205B621500C0A754 /* Debug */ = {
			isa = XCBuildConfiguration;
			buildSettings = {
				ALWAYS_SEARCH_USER_PATHS = NO;
				CLANG_ANALYZER_NONNULL = YES;
				CLANG_ANALYZER_NUMBER_OBJECT_CONVERSION = YES_AGGRESSIVE;
				CLANG_CXX_LANGUAGE_STANDARD = "gnu++14";
				CLANG_CXX_LIBRARY = "libc++";
				CLANG_ENABLE_MODULES = YES;
				CLANG_ENABLE_OBJC_ARC = YES;
				CLANG_WARN_BLOCK_CAPTURE_AUTORELEASING = YES;
				CLANG_WARN_BOOL_CONVERSION = YES;
				CLANG_WARN_COMMA = YES;
				CLANG_WARN_CONSTANT_CONVERSION = YES;
				CLANG_WARN_DIRECT_OBJC_ISA_USAGE = YES_ERROR;
				CLANG_WARN_DOCUMENTATION_COMMENTS = YES;
				CLANG_WARN_EMPTY_BODY = YES;
				CLANG_WARN_ENUM_CONVERSION = YES;
				CLANG_WARN_INFINITE_RECURSION = YES;
				CLANG_WARN_INT_CONVERSION = YES;
				CLANG_WARN_NON_LITERAL_NULL_CONVERSION = YES;
				CLANG_WARN_OBJC_LITERAL_CONVERSION = YES;
				CLANG_WARN_OBJC_ROOT_CLASS = YES_ERROR;
				CLANG_WARN_RANGE_LOOP_ANALYSIS = YES;
				CLANG_WARN_STRICT_PROTOTYPES = YES;
				CLANG_WARN_SUSPICIOUS_MOVE = YES;
				CLANG_WARN_UNGUARDED_AVAILABILITY = YES_AGGRESSIVE;
				CLANG_WARN_UNREACHABLE_CODE = YES;
				CLANG_WARN__DUPLICATE_METHOD_MATCH = YES;
				CODE_SIGN_IDENTITY = "iPhone Developer";
				COPY_PHASE_STRIP = NO;
				DEBUG_INFORMATION_FORMAT = dwarf;
				ENABLE_STRICT_OBJC_MSGSEND = YES;
				ENABLE_TESTABILITY = YES;
				GCC_C_LANGUAGE_STANDARD = gnu11;
				GCC_DYNAMIC_NO_PIC = NO;
				GCC_NO_COMMON_BLOCKS = YES;
				GCC_OPTIMIZATION_LEVEL = 0;
				GCC_PREPROCESSOR_DEFINITIONS = (
					"DEBUG=1",
					"$(inherited)",
				);
				GCC_WARN_64_TO_32_BIT_CONVERSION = YES;
				GCC_WARN_ABOUT_RETURN_TYPE = YES_ERROR;
				GCC_WARN_UNDECLARED_SELECTOR = YES;
				GCC_WARN_UNINITIALIZED_AUTOS = YES_AGGRESSIVE;
				GCC_WARN_UNUSED_FUNCTION = YES;
				GCC_WARN_UNUSED_VARIABLE = YES;
				IPHONEOS_DEPLOYMENT_TARGET = 11.2;
				MTL_ENABLE_DEBUG_INFO = YES;
				ONLY_ACTIVE_ARCH = YES;
				SDKROOT = iphoneos;
				SWIFT_ACTIVE_COMPILATION_CONDITIONS = DEBUG;
				SWIFT_OPTIMIZATION_LEVEL = "-Onone";
			};
			name = Debug;
		};
		49C3376A205B621500C0A754 /* Release */ = {
			isa = XCBuildConfiguration;
			buildSettings = {
				ALWAYS_SEARCH_USER_PATHS = NO;
				CLANG_ANALYZER_NONNULL = YES;
				CLANG_ANALYZER_NUMBER_OBJECT_CONVERSION = YES_AGGRESSIVE;
				CLANG_CXX_LANGUAGE_STANDARD = "gnu++14";
				CLANG_CXX_LIBRARY = "libc++";
				CLANG_ENABLE_MODULES = YES;
				CLANG_ENABLE_OBJC_ARC = YES;
				CLANG_WARN_BLOCK_CAPTURE_AUTORELEASING = YES;
				CLANG_WARN_BOOL_CONVERSION = YES;
				CLANG_WARN_COMMA = YES;
				CLANG_WARN_CONSTANT_CONVERSION = YES;
				CLANG_WARN_DIRECT_OBJC_ISA_USAGE = YES_ERROR;
				CLANG_WARN_DOCUMENTATION_COMMENTS = YES;
				CLANG_WARN_EMPTY_BODY = YES;
				CLANG_WARN_ENUM_CONVERSION = YES;
				CLANG_WARN_INFINITE_RECURSION = YES;
				CLANG_WARN_INT_CONVERSION = YES;
				CLANG_WARN_NON_LITERAL_NULL_CONVERSION = YES;
				CLANG_WARN_OBJC_LITERAL_CONVERSION = YES;
				CLANG_WARN_OBJC_ROOT_CLASS = YES_ERROR;
				CLANG_WARN_RANGE_LOOP_ANALYSIS = YES;
				CLANG_WARN_STRICT_PROTOTYPES = YES;
				CLANG_WARN_SUSPICIOUS_MOVE = YES;
				CLANG_WARN_UNGUARDED_AVAILABILITY = YES_AGGRESSIVE;
				CLANG_WARN_UNREACHABLE_CODE = YES;
				CLANG_WARN__DUPLICATE_METHOD_MATCH = YES;
				CODE_SIGN_IDENTITY = "iPhone Developer";
				COPY_PHASE_STRIP = NO;
				DEBUG_INFORMATION_FORMAT = "dwarf-with-dsym";
				ENABLE_NS_ASSERTIONS = NO;
				ENABLE_STRICT_OBJC_MSGSEND = YES;
				GCC_C_LANGUAGE_STANDARD = gnu11;
				GCC_NO_COMMON_BLOCKS = YES;
				GCC_WARN_64_TO_32_BIT_CONVERSION = YES;
				GCC_WARN_ABOUT_RETURN_TYPE = YES_ERROR;
				GCC_WARN_UNDECLARED_SELECTOR = YES;
				GCC_WARN_UNINITIALIZED_AUTOS = YES_AGGRESSIVE;
				GCC_WARN_UNUSED_FUNCTION = YES;
				GCC_WARN_UNUSED_VARIABLE = YES;
				IPHONEOS_DEPLOYMENT_TARGET = 11.2;
				MTL_ENABLE_DEBUG_INFO = NO;
				SDKROOT = iphoneos;
				SWIFT_OPTIMIZATION_LEVEL = "-Owholemodule";
				VALIDATE_PRODUCT = YES;
			};
			name = Release;
		};
		49C3376C205B621500C0A754 /* Debug */ = {
			isa = XCBuildConfiguration;
			buildSettings = {
				ASSETCATALOG_COMPILER_APPICON_NAME = AppIcon;
				CODE_SIGN_STYLE = Automatic;
				DEVELOPMENT_TEAM = 6PN6V35AZY;
				INFOPLIST_FILE = "app-swoosh/Info.plist";
				LD_RUNPATH_SEARCH_PATHS = "$(inherited) @executable_path/Frameworks";
				PRODUCT_BUNDLE_IDENTIFIER = "fabio.app-swoosh";
				PRODUCT_NAME = "$(TARGET_NAME)";
				SWIFT_VERSION = 4.0;
				TARGETED_DEVICE_FAMILY = "1,2";
			};
			name = Debug;
		};
		49C3376D205B621500C0A754 /* Release */ = {
			isa = XCBuildConfiguration;
			buildSettings = {
				ASSETCATALOG_COMPILER_APPICON_NAME = AppIcon;
				CODE_SIGN_STYLE = Automatic;
				DEVELOPMENT_TEAM = 6PN6V35AZY;
				INFOPLIST_FILE = "app-swoosh/Info.plist";
				LD_RUNPATH_SEARCH_PATHS = "$(inherited) @executable_path/Frameworks";
				PRODUCT_BUNDLE_IDENTIFIER = "fabio.app-swoosh";
				PRODUCT_NAME = "$(TARGET_NAME)";
				SWIFT_VERSION = 4.0;
				TARGETED_DEVICE_FAMILY = "1,2";
			};
			name = Release;
		};
/* End XCBuildConfiguration section */

/* Begin XCConfigurationList section */
		49C33754205B621500C0A754 /* Build configuration list for PBXProject "app-swoosh" */ = {
			isa = XCConfigurationList;
			buildConfigurations = (
				49C33769205B621500C0A754 /* Debug */,
				49C3376A205B621500C0A754 /* Release */,
			);
			defaultConfigurationIsVisible = 0;
			defaultConfigurationName = Release;
		};
		49C3376B205B621500C0A754 /* Build configuration list for PBXNativeTarget "app-swoosh" */ = {
			isa = XCConfigurationList;
			buildConfigurations = (
				49C3376C205B621500C0A754 /* Debug */,
				49C3376D205B621500C0A754 /* Release */,
			);
			defaultConfigurationIsVisible = 0;
			defaultConfigurationName = Release;
		};
/* End XCConfigurationList section */
	};
	rootObject = 49C33751205B621500C0A754 /* Project object */;
}
